version = 1
revision = 3
requires-python = ">=3.13"

[[package]]
name = "annotated-types"
version = "0.7.0"
source = { registry = "https://mirrors.aliyun.com/pypi/simple/" }
sdist = { url = "https://mirrors.aliyun.com/pypi/packages/ee/67/531ea369ba64dcff5ec9c3402f9f51bf748cec26dde048a2f973a4eea7f5/annotated_types-0.7.0.tar.gz", hash = "sha256:aff07c09a53a08bc8cfccb9c85b05f1aa9a2a6f23728d790723543408344ce89" }
wheels = [
    { url = "https://mirrors.aliyun.com/pypi/packages/78/b6/6307fbef88d9b5ee7421e68d78a9f162e0da4900bc5f5793f6d3d0e34fb8/annotated_types-0.7.0-py3-none-any.whl", hash = "sha256:1f02e8b43a8fbbc3f3e0d4f0f4bfc8131bcb4eebe8849b8e5c773f3a1c582a53" },
]

[[package]]
name = "attrs"
version = "25.3.0"
source = { registry = "https://mirrors.aliyun.com/pypi/simple/" }
sdist = { url = "https://mirrors.aliyun.com/pypi/packages/5a/b0/1367933a8532ee6ff8d63537de4f1177af4bff9f3e829baf7331f595bb24/attrs-25.3.0.tar.gz", hash = "sha256:75d7cefc7fb576747b2c81b4442d4d4a1ce0900973527c011d1030fd3bf4af1b" }
wheels = [
    { url = "https://mirrors.aliyun.com/pypi/packages/77/06/bb80f5f86020c4551da315d78b3ab75e8228f89f0162f2c3a819e407941a/attrs-25.3.0-py3-none-any.whl", hash = "sha256:427318ce031701fea540783410126f03899a97ffc6f61596ad581ac2e40e3bc3" },
]

[[package]]
name = "colorama"
version = "0.4.6"
source = { registry = "https://mirrors.aliyun.com/pypi/simple/" }
sdist = { url = "https://mirrors.aliyun.com/pypi/packages/d8/53/6f443c9a4a8358a93a6792e2acffb9d9d5cb0a5cfd8802644b7b1c9a02e4/colorama-0.4.6.tar.gz", hash = "sha256:08695f5cb7ed6e0531a20572697297273c47b8cae5a63ffc6d6ed5c201be6e44" }
wheels = [
    { url = "https://mirrors.aliyun.com/pypi/packages/d1/d6/3965ed04c63042e047cb6a3e6ed1a63a35087b6a609aa3a15ed8ac56c221/colorama-0.4.6-py2.py3-none-any.whl", hash = "sha256:4f1d9991f5acc0ca119f9d443620b77f9d6b33703e51011c16baf57afb285fc6" },
]

[[package]]
name = "iniconfig"
version = "2.1.0"
source = { registry = "https://mirrors.aliyun.com/pypi/simple/" }
sdist = { url = "https://mirrors.aliyun.com/pypi/packages/f2/97/ebf4da567aa6827c909642694d71c9fcf53e5b504f2d96afea02718862f3/iniconfig-2.1.0.tar.gz", hash = "sha256:3abbd2e30b36733fee78f9c7f7308f2d0050e88f0087fd25c2645f63c773e1c7" }
wheels = [
    { url = "https://mirrors.aliyun.com/pypi/packages/2c/e1/e6716421ea10d38022b952c159d5161ca1193197fb744506875fbb87ea7b/iniconfig-2.1.0-py3-none-any.whl", hash = "sha256:9deba5723312380e77435581c6bf4935c94cbfab9b1ed33ef8d238ea168eb760" },
]

[[package]]
name = "loguru"
version = "0.7.3"
source = { registry = "https://mirrors.aliyun.com/pypi/simple/" }
dependencies = [
    { name = "colorama", marker = "sys_platform == 'win32'" },
    { name = "win32-setctime", marker = "sys_platform == 'win32'" },
]
sdist = { url = "https://mirrors.aliyun.com/pypi/packages/3a/05/a1dae3dffd1116099471c643b8924f5aa6524411dc6c63fdae648c4f1aca/loguru-0.7.3.tar.gz", hash = "sha256:19480589e77d47b8d85b2c827ad95d49bf31b0dcde16593892eb51dd18706eb6" }
wheels = [
    { url = "https://mirrors.aliyun.com/pypi/packages/0c/29/0348de65b8cc732daa3e33e67806420b2ae89bdce2b04af740289c5c6c8c/loguru-0.7.3-py3-none-any.whl", hash = "sha256:31a33c10c8e1e10422bfd431aeb5d351c7cf7fa671e3c4df004162264b28220c" },
]

[[package]]
name = "packaging"
version = "24.2"
source = { registry = "https://mirrors.aliyun.com/pypi/simple/" }
sdist = { url = "https://mirrors.aliyun.com/pypi/packages/d0/63/68dbb6eb2de9cb10ee4c9c14a0148804425e13c4fb20d61cce69f53106da/packaging-24.2.tar.gz", hash = "sha256:c228a6dc5e932d346bc5739379109d49e8853dd8223571c7c5b55260edc0b97f" }
wheels = [
    { url = "https://mirrors.aliyun.com/pypi/packages/88/ef/eb23f262cca3c0c4eb7ab1933c3b1f03d021f2c48f54763065b6f0e321be/packaging-24.2-py3-none-any.whl", hash = "sha256:09abb1bccd265c01f4a3aa3f7a7db064b36514d2cba19a2f694fe6150451a759" },
]

[[package]]
name = "pendulum"
version = "3.1.0"
source = { registry = "https://mirrors.aliyun.com/pypi/simple/" }
dependencies = [
    { name = "python-dateutil" },
    { name = "tzdata" },
]
sdist = { url = "https://mirrors.aliyun.com/pypi/packages/23/7c/009c12b86c7cc6c403aec80f8a4308598dfc5995e5c523a5491faaa3952e/pendulum-3.1.0.tar.gz", hash = "sha256:66f96303560f41d097bee7d2dc98ffca716fbb3a832c4b3062034c2d45865015" }
wheels = [
    { url = "https://mirrors.aliyun.com/pypi/packages/8e/1f/af928ba4aa403dac9569f787adcf024005e7654433d71f7a84e608716837/pendulum-3.1.0-cp313-cp313-macosx_10_12_x86_64.whl", hash = "sha256:28658b0baf4b30eb31d096a375983cfed033e60c0a7bbe94fa23f06cd779b50b" },
    { url = "https://mirrors.aliyun.com/pypi/packages/b6/16/b010643007ba964c397da7fa622924423883c1bbff1a53f9d1022cd7f024/pendulum-3.1.0-cp313-cp313-macosx_11_0_arm64.whl", hash = "sha256:b114dcb99ce511cb8f5495c7b6f0056b2c3dba444ef1ea6e48030d7371bd531a" },
    { url = "https://mirrors.aliyun.com/pypi/packages/64/19/c3c47aeecb5d9bceb0e89faafd800d39809b696c5b7bba8ec8370ad5052c/pendulum-3.1.0-cp313-cp313-manylinux_2_17_aarch64.manylinux2014_aarch64.whl", hash = "sha256:2404a6a54c80252ea393291f0b7f35525a61abae3d795407f34e118a8f133a18" },
    { url = "https://mirrors.aliyun.com/pypi/packages/38/cf/c06921ff6b860ff7e62e70b8e5d4dc70e36f5abb66d168bd64d51760bc4e/pendulum-3.1.0-cp313-cp313-manylinux_2_17_ppc64le.manylinux2014_ppc64le.whl", hash = "sha256:d06999790d9ee9962a1627e469f98568bf7ad1085553fa3c30ed08b3944a14d7" },
    { url = "https://mirrors.aliyun.com/pypi/packages/62/0b/a43953b9eba11e82612b033ac5133f716f1b76b6108a65da6f408b3cc016/pendulum-3.1.0-cp313-cp313-manylinux_2_17_s390x.manylinux2014_s390x.whl", hash = "sha256:94751c52f6b7c306734d1044c2c6067a474237e1e5afa2f665d1fbcbbbcf24b3" },
    { url = "https://mirrors.aliyun.com/pypi/packages/eb/a0/ec3d70b3b96e23ae1d039f132af35e17704c22a8250d1887aaefea4d78a6/pendulum-3.1.0-cp313-cp313-manylinux_2_17_x86_64.manylinux2014_x86_64.whl", hash = "sha256:5553ac27be05e997ec26d7f004cf72788f4ce11fe60bb80dda604a64055b29d0" },
    { url = "https://mirrors.aliyun.com/pypi/packages/f4/97/aba23f1716b82f6951ba2b1c9178a2d107d1e66c102762a9bf19988547ea/pendulum-3.1.0-cp313-cp313-musllinux_1_1_aarch64.whl", hash = "sha256:f8dee234ca6142bf0514368d01a72945a44685aaa2fc4c14c98d09da9437b620" },
    { url = "https://mirrors.aliyun.com/pypi/packages/01/33/2c0d5216cc53d16db0c4b3d510f141ee0a540937f8675948541190fbd48b/pendulum-3.1.0-cp313-cp313-musllinux_1_1_x86_64.whl", hash = "sha256:7378084fe54faab4ee481897a00b710876f2e901ded6221671e827a253e643f2" },
    { url = "https://mirrors.aliyun.com/pypi/packages/51/89/8de955c339c31aeae77fd86d3225509b998c81875e9dba28cb88b8cbf4b3/pendulum-3.1.0-cp313-cp313-win_amd64.whl", hash = "sha256:8539db7ae2c8da430ac2515079e288948c8ebf7eb1edd3e8281b5cdf433040d6" },
    { url = "https://mirrors.aliyun.com/pypi/packages/15/c3/226a3837363e94f8722461848feec18bfdd7d5172564d53aa3c3397ff01e/pendulum-3.1.0-cp313-cp313-win_arm64.whl", hash = "sha256:1ce26a608e1f7387cd393fba2a129507c4900958d4f47b90757ec17656856571" },
    { url = "https://mirrors.aliyun.com/pypi/packages/6e/23/e98758924d1b3aac11a626268eabf7f3cf177e7837c28d47bf84c64532d0/pendulum-3.1.0-py3-none-any.whl", hash = "sha256:f9178c2a8e291758ade1e8dd6371b1d26d08371b4c7730a6e9a3ef8b16ebae0f" },
]

[[package]]
name = "pluggy"
version = "1.5.0"
source = { registry = "https://mirrors.aliyun.com/pypi/simple/" }
sdist = { url = "https://mirrors.aliyun.com/pypi/packages/96/2d/02d4312c973c6050a18b314a5ad0b3210edb65a906f868e31c111dede4a6/pluggy-1.5.0.tar.gz", hash = "sha256:2cffa88e94fdc978c4c574f15f9e59b7f4201d439195c3715ca9e2486f1d0cf1" }
wheels = [
    { url = "https://mirrors.aliyun.com/pypi/packages/88/5f/e351af9a41f866ac3f1fac4ca0613908d9a41741cfcf2228f4ad853b697d/pluggy-1.5.0-py3-none-any.whl", hash = "sha256:44e1ad92c8ca002de6377e165f3e0f1be63266ab4d554740532335b9d75ea669" },
]

[[package]]
name = "pydantic"
version = "2.12.0a1"
source = { registry = "https://mirrors.aliyun.com/pypi/simple/" }
dependencies = [
    { name = "annotated-types" },
    { name = "pydantic-core" },
    { name = "typing-extensions" },
    { name = "typing-inspection" },
]
sdist = { url = "https://mirrors.aliyun.com/pypi/packages/02/e0/1a4cb54fbbb606f3b19fc0f5a3c8776902c49da847c32546674644cfa212/pydantic-2.12.0a1.tar.gz", hash = "sha256:5724048f8b728a721f993de95cadf6ef47ce18043034316798aa5acbab30f7ce" }
wheels = [
    { url = "https://mirrors.aliyun.com/pypi/packages/d5/6c/e7f4ff7094ea277cc164c56325cf903a93312655f5d1ac68d7d5dd10facc/pydantic-2.12.0a1-py3-none-any.whl", hash = "sha256:f292f0df096a522be36558f1c569d840b27de8ad64234996b068b891c4bc99e7" },
]

[[package]]
name = "pydantic-core"
version = "2.37.2"
source = { registry = "https://mirrors.aliyun.com/pypi/simple/" }
dependencies = [
    { name = "typing-extensions" },
]
sdist = { url = "https://mirrors.aliyun.com/pypi/packages/e6/e3/533de0eacb89752c7536bd6551f622e70953811d4cf33f16765bc768e053/pydantic_core-2.37.2.tar.gz", hash = "sha256:78fb2a749123408fedaf540a22ca6bf0b5ec1f522a14fc00e27ede33d8ac088c" }
wheels = [
    { url = "https://mirrors.aliyun.com/pypi/packages/b0/99/f85f974b76d9e7f226faca45552b285f1c6e22634187cccb31eeab384711/pydantic_core-2.37.2-cp313-cp313-macosx_10_12_x86_64.whl", hash = "sha256:544f6430e2fb3e332b9fef44c7709564876e8a56bfe27b7d09e41eae8348b804" },
    { url = "https://mirrors.aliyun.com/pypi/packages/ff/97/c42cd9235aa2f3d7f1908c17d0913e4b577c0e6a3bb9a4287362903a6271/pydantic_core-2.37.2-cp313-cp313-macosx_11_0_arm64.whl", hash = "sha256:33f67465de77043f5382d8a5237b68ca36327ebd8ab726609c66a0e8a383a13f" },
    { url = "https://mirrors.aliyun.com/pypi/packages/64/ba/d7558ef46460544e6383ad224a1351edde6ec2113df0310e4dd25068a0dc/pydantic_core-2.37.2-cp313-cp313-manylinux_2_17_aarch64.manylinux2014_aarch64.whl", hash = "sha256:6a686a713976796772f71117249de2bdd55edb0295964426ef2ceaa77c99b711" },
    { url = "https://mirrors.aliyun.com/pypi/packages/5e/66/d4e5ba678659b6fabc471ce8d4dab61a39b2a0aa70b29c5daed77c47ed74/pydantic_core-2.37.2-cp313-cp313-manylinux_2_17_armv7l.manylinux2014_armv7l.whl", hash = "sha256:ebef7afcbb10a1269c6df9571f6a3cdba29d6415e2432a2dec03e6d782d8344e" },
    { url = "https://mirrors.aliyun.com/pypi/packages/a6/dc/80ed1b744a5e67220822c75ace93109d3cc1c70fa3f6d3a10c6c681ecdc4/pydantic_core-2.37.2-cp313-cp313-manylinux_2_17_ppc64le.manylinux2014_ppc64le.whl", hash = "sha256:0dc5d2620b80126de92da3c2ed8503b9daba5edc8eea3c1823d6fcb188589345" },
    { url = "https://mirrors.aliyun.com/pypi/packages/2f/3f/7a7669f15837d34b392f87554b120e23d610039894edc137f56db7df3a2e/pydantic_core-2.37.2-cp313-cp313-manylinux_2_17_s390x.manylinux2014_s390x.whl", hash = "sha256:2f80059c7e07d14000a1c59c31e304b0832448cf4cc906f9386cb19047abb681" },
    { url = "https://mirrors.aliyun.com/pypi/packages/6b/96/0fa9cff2a5a64dfe7680fa47d411eab5eb2965ec81ecdb6584fc9fcee988/pydantic_core-2.37.2-cp313-cp313-manylinux_2_17_x86_64.manylinux2014_x86_64.whl", hash = "sha256:a012d9a45382b256500400f36b8cdc8ec96f6d2913b5f8ee8f767b1b092ce8bd" },
    { url = "https://mirrors.aliyun.com/pypi/packages/ab/a5/0c553a30312b374a371435ba063332e0380bfd7bbc8a8a2279c8ebc483cf/pydantic_core-2.37.2-cp313-cp313-manylinux_2_5_i686.manylinux1_i686.whl", hash = "sha256:6a4828a9a63168ade035052c5e5d8f2a5f8ed39b3a8d085bd3c0f0577bb2aab5" },
    { url = "https://mirrors.aliyun.com/pypi/packages/12/c5/6cb6621a1cb36e726848b4f164902450f52bcf8ccdb08199ab7b7d4d7c30/pydantic_core-2.37.2-cp313-cp313-musllinux_1_1_aarch64.whl", hash = "sha256:7b0f69cfbe6ab42944d84bea28c9f3a58f63fc1aef728ed176e4319ad36623dd" },
    { url = "https://mirrors.aliyun.com/pypi/packages/ca/30/300d04f8c0a4c8e7454ea3aed25ab5791ec6bafdcab311409fed979956b7/pydantic_core-2.37.2-cp313-cp313-musllinux_1_1_armv7l.whl", hash = "sha256:3f2f004f0ad41d6fd26b59a41d24c5c01d5f98ccabde338d4a35e76a864dfaf4" },
    { url = "https://mirrors.aliyun.com/pypi/packages/38/2a/d5fe85e8f99bbd56d8865639aff06b71f1559534572f667fcf719c8a8b94/pydantic_core-2.37.2-cp313-cp313-musllinux_1_1_x86_64.whl", hash = "sha256:1e90e7495d50e6063bd7c1cd669a01697ff671719781d095ad1d2966a26b0218" },
    { url = "https://mirrors.aliyun.com/pypi/packages/48/4b/864da5cee748f83de5cce65d649178856e36c86d8e2245705ced8bc95374/pydantic_core-2.37.2-cp313-cp313-win32.whl", hash = "sha256:c7f7fdef12127c680a892cbad70429a6103fa2eb476897b5f5cca2c25dd50d7e" },
    { url = "https://mirrors.aliyun.com/pypi/packages/40/33/ea811972701d768af9a0bebbe45db196dc2826ae343b5093832950cb5875/pydantic_core-2.37.2-cp313-cp313-win_amd64.whl", hash = "sha256:0433ad8291d1a0c84dfafc993483edb12280a5ba39c547ab965b4c1f2b78f05e" },
    { url = "https://mirrors.aliyun.com/pypi/packages/45/15/7e7d6581ef9cb72e8b9a5e0f5940838c0c1f98a26d98767f693582f570ea/pydantic_core-2.37.2-cp313-cp313-win_arm64.whl", hash = "sha256:aa033221b49abe4e91431249ef52c2dfa31f13f3187a1e581586a4cb04567f6e" },
    { url = "https://mirrors.aliyun.com/pypi/packages/4f/cd/4b4d305cdb334ef77836e6f6898e6426d91a51b27268e03c14f63e09849f/pydantic_core-2.37.2-cp313-cp313t-macosx_11_0_arm64.whl", hash = "sha256:a909d7a8eab6a40801e39651bb4912ae39f655c131928b2c2a56e17216637475" },
    { url = "https://mirrors.aliyun.com/pypi/packages/6a/7c/09cc9b8fb9fc5bc5cf7e8d8f712acc25d7533ade9f759aa5f70d49e8be42/pydantic_core-2.37.2-cp313-cp313t-manylinux_2_17_x86_64.manylinux2014_x86_64.whl", hash = "sha256:a945ef942eec1d28a4b67c7a72686eb0d9bc60f6b1d06d3bafcd376c7bffbc80" },
    { url = "https://mirrors.aliyun.com/pypi/packages/f3/36/4315c3d05fdb34aff9647bb0ca8054a43b620f9d881ad7a644312456763c/pydantic_core-2.37.2-cp313-cp313t-win_amd64.whl", hash = "sha256:c2c394c7fc57bbbab24a7c2ff2109ad6a399413f843c418ff0523c7fdd321c09" },
    { url = "https://mirrors.aliyun.com/pypi/packages/de/19/07e73aba49c1cba4c9131a09f64e9bb419b5ee3e63b60322ea28ac586111/pydantic_core-2.37.2-cp314-cp314-macosx_10_12_x86_64.whl", hash = "sha256:dd2d989d27e15494677cd55512987bde711622e86ede2058444aa8346a15c648" },
    { url = "https://mirrors.aliyun.com/pypi/packages/97/15/9b7a4d366647e9d27c35fb018e9310a71545f2e1e776573ee77afd00fca6/pydantic_core-2.37.2-cp314-cp314-macosx_11_0_arm64.whl", hash = "sha256:3bf27ce2fc6345a7c073786fcc5b68b667c7b4566c774fef9a61bf3611e67d6b" },
    { url = "https://mirrors.aliyun.com/pypi/packages/3f/15/bfdbcb091b33c0b31563c202e2b4f4376110c56e41e2a4b55ee96a60c82a/pydantic_core-2.37.2-cp314-cp314-manylinux_2_17_aarch64.manylinux2014_aarch64.whl", hash = "sha256:d76e1db764c7756281fe17d06d1825610fe8ab3aa4acf1a592e1fb1925a79642" },
    { url = "https://mirrors.aliyun.com/pypi/packages/26/b8/994c0dff145213e29d59c8c6013984c07abaaa806f609dd9bf6f57267f23/pydantic_core-2.37.2-cp314-cp314-manylinux_2_17_armv7l.manylinux2014_armv7l.whl", hash = "sha256:ce27109f89e70c6dba047862c07ef326f4a7243f54dd42f5d59cc3dca5e8631f" },
    { url = "https://mirrors.aliyun.com/pypi/packages/16/69/661ae29dc7a298431f5ddff5b3291124f92b079d6b1801859058ef9e0df5/pydantic_core-2.37.2-cp314-cp314-manylinux_2_17_ppc64le.manylinux2014_ppc64le.whl", hash = "sha256:182a42835e5ad1ac3970785df9dbe25c8418aba03042679b4657bbd992fbfb39" },
    { url = "https://mirrors.aliyun.com/pypi/packages/2c/59/9904f61abc8c4883303e5164de3c2031ed7d5c5492fe89630306669bea15/pydantic_core-2.37.2-cp314-cp314-manylinux_2_17_s390x.manylinux2014_s390x.whl", hash = "sha256:e51a7b13074fa00d97e5cb60344a71b0923771ffacb01acb0476138b22597e33" },
    { url = "https://mirrors.aliyun.com/pypi/packages/09/36/7be5601b4933643553fe394f237bbd9f5604cc825b9dab383438d12c97e9/pydantic_core-2.37.2-cp314-cp314-manylinux_2_17_x86_64.manylinux2014_x86_64.whl", hash = "sha256:fb879dab63b34480a1d28ec54ccbe0f62776f530ae9ad06bf0769bf889662146" },
    { url = "https://mirrors.aliyun.com/pypi/packages/14/96/a32e9cfddc449e88bed43192f52715aaa88fe04571d7d355083cbae9aea7/pydantic_core-2.37.2-cp314-cp314-manylinux_2_5_i686.manylinux1_i686.whl", hash = "sha256:8b3f68bf55d4e5c7daee7dcc455534af4a95ff5ddff1181f1fcb66278e5ef0e7" },
    { url = "https://mirrors.aliyun.com/pypi/packages/a9/8c/5fec1161b604b0861cea7c1c158e4fc227977a7dd12a10614e0f96930134/pydantic_core-2.37.2-cp314-cp314-musllinux_1_1_aarch64.whl", hash = "sha256:777533bf33f38de0fa95141051faf092378c83e61762636c8d4df9051ebbbded" },
    { url = "https://mirrors.aliyun.com/pypi/packages/9c/7f/66f4815884845bd8ffb37af25e88ffdae1f6a7ce840dcdb5de2933fb66f7/pydantic_core-2.37.2-cp314-cp314-musllinux_1_1_armv7l.whl", hash = "sha256:e935a616dc13c07dcfbe2e57fd2898216a2c8b8c331a4c2be6ac5833c811b6f5" },
    { url = "https://mirrors.aliyun.com/pypi/packages/cb/2f/8f9eb491985d4959fc1a4def1d5081eb3fdf28f449041918fa35f3afa825/pydantic_core-2.37.2-cp314-cp314-musllinux_1_1_x86_64.whl", hash = "sha256:88b1f419faee6d031b595abaa7032399a666672d06636b05e14824452eabfcbd" },
    { url = "https://mirrors.aliyun.com/pypi/packages/a9/51/69c9e1cbb0a6a6fd79a0d6acad6c3b7ec4778d555d12d73e871a9fa123f4/pydantic_core-2.37.2-cp314-cp314-win32.whl", hash = "sha256:ef57747b2a7df50598d843bf978b245e7d86199eb6ac1cf118151d7015789b31" },
    { url = "https://mirrors.aliyun.com/pypi/packages/0d/1f/0557c25049631e02f72d7cffa1b71dd49b311e3e18fe9db7267d0e2ba5f3/pydantic_core-2.37.2-cp314-cp314-win_amd64.whl", hash = "sha256:476ca176d01b8fa7fa4adcb7432a4221feb9711675a766618b7fad7878b38f46" },
    { url = "https://mirrors.aliyun.com/pypi/packages/c8/75/c9bc4797ef55e49272eb1f27cc1d9cd2e1fa7e45d9707d19f29a1fa438e2/pydantic_core-2.37.2-cp314-cp314-win_arm64.whl", hash = "sha256:765519587e15e24535670a3f903ded586bb2ca44ab103d3963f8a8ed6a7c87a2" },
    { url = "https://mirrors.aliyun.com/pypi/packages/1a/28/689fc6fc953d80f65f35ff72e30db81609b26fd15be54cb3577b8f684f58/pydantic_core-2.37.2-cp314-cp314t-macosx_11_0_arm64.whl", hash = "sha256:e16d5f519d85acd5deb7d728f22f0433aa80469b3441de24a72a9a8d2561d0d9" },
    { url = "https://mirrors.aliyun.com/pypi/packages/47/4e/40c30c2de00db6ab11d24b12c3b6bd8e96b4606a0d819bda381a9ed2c0c3/pydantic_core-2.37.2-cp314-cp314t-manylinux_2_17_x86_64.manylinux2014_x86_64.whl", hash = "sha256:9eda70db8850d2cb0ca0d38a5cc5ebfac366cdd36689f128ec4b9fbabbf68973" },
    { url = "https://mirrors.aliyun.com/pypi/packages/1f/9c/b7248f688933d0340b28f23d78bbc791a51076b9953ae9f0ada4fa7ddcd4/pydantic_core-2.37.2-cp314-cp314t-win_amd64.whl", hash = "sha256:18a0c379bed0c7d05f1ed4de2a2e8dba9a1a21618e8694b8c27be92e46dd3d90" },
]

[[package]]
name = "pygments"
version = "2.19.2"
source = { registry = "https://mirrors.aliyun.com/pypi/simple/" }
sdist = { url = "https://mirrors.aliyun.com/pypi/packages/b0/77/a5b8c569bf593b0140bde72ea885a803b82086995367bf2037de0159d924/pygments-2.19.2.tar.gz", hash = "sha256:636cb2477cec7f8952536970bc533bc43743542f70392ae026374600add5b887" }
wheels = [
    { url = "https://mirrors.aliyun.com/pypi/packages/c7/21/705964c7812476f378728bdf590ca4b771ec72385c533964653c68e86bdc/pygments-2.19.2-py3-none-any.whl", hash = "sha256:86540386c03d588bb81d44bc3928634ff26449851e99741617ecb9037ee5ec0b" },
]

[[package]]
name = "pyrefly"
version = "0.31.1"
source = { registry = "https://mirrors.aliyun.com/pypi/simple/" }
sdist = { url = "https://mirrors.aliyun.com/pypi/packages/74/c4/4b45120c1af9698909fb5e771170566959bad43530f2f0ac434674789e14/pyrefly-0.31.1.tar.gz", hash = "sha256:79609735d2683c9fda12b14e74a0643477984216297fc8786086cc29f964901d" }
wheels = [
    { url = "https://mirrors.aliyun.com/pypi/packages/49/26/1c8699516f2d67456df729df2996a5957e6f27693db00219252e7be514dd/pyrefly-0.31.1-py3-none-macosx_10_12_x86_64.whl", hash = "sha256:b251a502a3d7c435361fa66449b0d3eaafd9e5b7bd16802e626ae28fa8972e54" },
    { url = "https://mirrors.aliyun.com/pypi/packages/b4/fe/1d63007e29494894bee8e56a8e3631f5a1ecdbbf99fce233ebbc5c13e6dc/pyrefly-0.31.1-py3-none-macosx_11_0_arm64.whl", hash = "sha256:3f9ca929a9a259c3c2d2d10b7639e68a6ec11f227cf0f5525a53ceb720b065ea" },
    { url = "https://mirrors.aliyun.com/pypi/packages/19/bc/8f67f8a68b1d35c87b170d8c11619d01d7769c7f206d72954ed80c44c675/pyrefly-0.31.1-py3-none-manylinux_2_17_aarch64.manylinux2014_aarch64.whl", hash = "sha256:68cf8e4b4abbdb0f50919caf1310e82fc7f2b09ba5152bfcedd8fda189b0cf42" },
    { url = "https://mirrors.aliyun.com/pypi/packages/ee/e6/755de7c249a6a497542f21e61e94b3afbfc096fa480678e87e7c02410b4a/pyrefly-0.31.1-py3-none-manylinux_2_17_i686.manylinux2014_i686.whl", hash = "sha256:a3f7c67586f506910248cc410b5232418635604c8cc2f4d61d6432418c6a5647" },
    { url = "https://mirrors.aliyun.com/pypi/packages/39/be/4ca0a3e8f78357e6846fb367ad00790c74c7bc80928171ce0e34d33aabc8/pyrefly-0.31.1-py3-none-manylinux_2_17_x86_64.manylinux2014_x86_64.whl", hash = "sha256:3c0d809af388144cb148eb11c6ebc33f8e5c6adafc22a7f0da99d9b555123e42" },
    { url = "https://mirrors.aliyun.com/pypi/packages/01/1a/9c3381910d51d64a26726c6111ac5a1ee90e5de9e92b4827be352610c5b8/pyrefly-0.31.1-py3-none-win32.whl", hash = "sha256:8bde23e37fb68367b691b7491880e0ce95e150d879fe43e3a86e78f3cf911a23" },
    { url = "https://mirrors.aliyun.com/pypi/packages/c4/ab/f99cf8f7acebc0ddf0718ca4f33786e78353019903e5888de133c67863f5/pyrefly-0.31.1-py3-none-win_amd64.whl", hash = "sha256:bec49618d2574ccd200de515480c4b60740926f3a7a4b1804fdae49b72665719" },
    { url = "https://mirrors.aliyun.com/pypi/packages/02/53/b02648724846a3bd676410261f2d980a260a16e337fe978028429fc712d1/pyrefly-0.31.1-py3-none-win_arm64.whl", hash = "sha256:370d2b7fab9cab0de937f44638cf6666322e27b6d2c84c4b82cba0e868c6d437" },
]

[[package]]
name = "pytest"
version = "8.4.2"
source = { registry = "https://mirrors.aliyun.com/pypi/simple/" }
dependencies = [
    { name = "colorama", marker = "sys_platform == 'win32'" },
    { name = "iniconfig" },
    { name = "packaging" },
    { name = "pluggy" },
    { name = "pygments" },
]
sdist = { url = "https://mirrors.aliyun.com/pypi/packages/a3/5c/00a0e072241553e1a7496d638deababa67c5058571567b92a7eaa258397c/pytest-8.4.2.tar.gz", hash = "sha256:86c0d0b93306b961d58d62a4db4879f27fe25513d4b969df351abdddb3c30e01" }
wheels = [
    { url = "https://mirrors.aliyun.com/pypi/packages/a8/a4/20da314d277121d6534b3a980b29035dcd51e6744bd79075a6ce8fa4eb8d/pytest-8.4.2-py3-none-any.whl", hash = "sha256:872f880de3fc3a5bdc88a11b39c9710c3497a547cfa9320bc3c5e62fbf272e79" },
]

[[package]]
name = "pytest-asyncio"
version = "0.26.0"
source = { registry = "https://mirrors.aliyun.com/pypi/simple/" }
dependencies = [
    { name = "pytest" },
]
sdist = { url = "https://mirrors.aliyun.com/pypi/packages/8e/c4/453c52c659521066969523e87d85d54139bbd17b78f09532fb8eb8cdb58e/pytest_asyncio-0.26.0.tar.gz", hash = "sha256:c4df2a697648241ff39e7f0e4a73050b03f123f760673956cf0d72a4990e312f" }
wheels = [
    { url = "https://mirrors.aliyun.com/pypi/packages/20/7f/338843f449ace853647ace35870874f69a764d251872ed1b4de9f234822c/pytest_asyncio-0.26.0-py3-none-any.whl", hash = "sha256:7b51ed894f4fbea1340262bdae5135797ebbe21d8638978e35d31c6d19f72fb0" },
]

[[package]]
name = "python-dateutil"
version = "2.9.0.post0"
source = { registry = "https://mirrors.aliyun.com/pypi/simple/" }
dependencies = [
    { name = "six" },
]
sdist = { url = "https://mirrors.aliyun.com/pypi/packages/66/c0/0c8b6ad9f17a802ee498c46e004a0eb49bc148f2fd230864601a86dcf6db/python-dateutil-2.9.0.post0.tar.gz", hash = "sha256:37dd54208da7e1cd875388217d5e00ebd4179249f90fb72437e91a35459a0ad3" }
wheels = [
    { url = "https://mirrors.aliyun.com/pypi/packages/ec/57/56b9bcc3c9c6a792fcbaf139543cee77261f3651ca9da0c93f5c1221264b/python_dateutil-2.9.0.post0-py2.py3-none-any.whl", hash = "sha256:a8b2bc7bffae282281c8140a97d3aa9c14da0b136dfe83f850eea9a5f7470427" },
]

[[package]]
name = "ruff"
version = "0.12.12"
source = { registry = "https://mirrors.aliyun.com/pypi/simple/" }
sdist = { url = "https://mirrors.aliyun.com/pypi/packages/a8/f0/e0965dd709b8cabe6356811c0ee8c096806bb57d20b5019eb4e48a117410/ruff-0.12.12.tar.gz", hash = "sha256:b86cd3415dbe31b3b46a71c598f4c4b2f550346d1ccf6326b347cc0c8fd063d6" }
wheels = [
    { url = "https://mirrors.aliyun.com/pypi/packages/09/79/8d3d687224d88367b51c7974cec1040c4b015772bfbeffac95face14c04a/ruff-0.12.12-py3-none-linux_armv6l.whl", hash = "sha256:de1c4b916d98ab289818e55ce481e2cacfaad7710b01d1f990c497edf217dafc" },
    { url = "https://mirrors.aliyun.com/pypi/packages/c3/c3/6e599657fe192462f94861a09aae935b869aea8a1da07f47d6eae471397c/ruff-0.12.12-py3-none-macosx_10_12_x86_64.whl", hash = "sha256:7acd6045e87fac75a0b0cdedacf9ab3e1ad9d929d149785903cff9bb69ad9727" },
    { url = "https://mirrors.aliyun.com/pypi/packages/e8/d2/9e3e40d399abc95336b1843f52fc0daaceb672d0e3c9290a28ff1a96f79d/ruff-0.12.12-py3-none-macosx_11_0_arm64.whl", hash = "sha256:abf4073688d7d6da16611f2f126be86523a8ec4343d15d276c614bda8ec44edb" },
    { url = "https://mirrors.aliyun.com/pypi/packages/e9/03/6816b2ed08836be272e87107d905f0908be5b4a40c14bfc91043e76631b8/ruff-0.12.12-py3-none-manylinux_2_17_aarch64.manylinux2014_aarch64.whl", hash = "sha256:968e77094b1d7a576992ac078557d1439df678a34c6fe02fd979f973af167577" },
    { url = "https://mirrors.aliyun.com/pypi/packages/9f/d5/707b92a61310edf358a389477eabd8af68f375c0ef858194be97ca5b6069/ruff-0.12.12-py3-none-manylinux_2_17_armv7l.manylinux2014_armv7l.whl", hash = "sha256:42a67d16e5b1ffc6d21c5f67851e0e769517fb57a8ebad1d0781b30888aa704e" },
    { url = "https://mirrors.aliyun.com/pypi/packages/9d/3d/f8b1038f4b9822e26ec3d5b49cf2bc313e3c1564cceb4c1a42820bf74853/ruff-0.12.12-py3-none-manylinux_2_17_i686.manylinux2014_i686.whl", hash = "sha256:b216ec0a0674e4b1214dcc998a5088e54eaf39417327b19ffefba1c4a1e4971e" },
    { url = "https://mirrors.aliyun.com/pypi/packages/98/0e/91421368ae6c4f3765dd41a150f760c5f725516028a6be30e58255e3c668/ruff-0.12.12-py3-none-manylinux_2_17_ppc64.manylinux2014_ppc64.whl", hash = "sha256:59f909c0fdd8f1dcdbfed0b9569b8bf428cf144bec87d9de298dcd4723f5bee8" },
    { url = "https://mirrors.aliyun.com/pypi/packages/74/5d/88f3f06a142f58ecc8ecb0c2fe0b82343e2a2b04dcd098809f717cf74b6c/ruff-0.12.12-py3-none-manylinux_2_17_ppc64le.manylinux2014_ppc64le.whl", hash = "sha256:9ac93d87047e765336f0c18eacad51dad0c1c33c9df7484c40f98e1d773876f5" },
    { url = "https://mirrors.aliyun.com/pypi/packages/13/fc/8962e7ddd2e81863d5c92400820f650b86f97ff919c59836fbc4c1a6d84c/ruff-0.12.12-py3-none-manylinux_2_17_s390x.manylinux2014_s390x.whl", hash = "sha256:01543c137fd3650d322922e8b14cc133b8ea734617c4891c5a9fccf4bfc9aa92" },
    { url = "https://mirrors.aliyun.com/pypi/packages/53/06/8deb52d48a9a624fd37390555d9589e719eac568c020b27e96eed671f25f/ruff-0.12.12-py3-none-manylinux_2_17_x86_64.manylinux2014_x86_64.whl", hash = "sha256:2afc2fa864197634e549d87fb1e7b6feb01df0a80fd510d6489e1ce8c0b1cc45" },
    { url = "https://mirrors.aliyun.com/pypi/packages/2a/81/de5a29af7eb8f341f8140867ffb93f82e4fde7256dadee79016ac87c2716/ruff-0.12.12-py3-none-manylinux_2_31_riscv64.whl", hash = "sha256:0c0945246f5ad776cb8925e36af2438e66188d2b57d9cf2eed2c382c58b371e5" },
    { url = "https://mirrors.aliyun.com/pypi/packages/7f/14/d9577fdeaf791737ada1b4f5c6b59c21c3326f3f683229096cccd7674e0c/ruff-0.12.12-py3-none-musllinux_1_2_aarch64.whl", hash = "sha256:a0fbafe8c58e37aae28b84a80ba1817f2ea552e9450156018a478bf1fa80f4e4" },
    { url = "https://mirrors.aliyun.com/pypi/packages/77/04/a910078284b47fad54506dc0af13839c418ff704e341c176f64e1127e461/ruff-0.12.12-py3-none-musllinux_1_2_armv7l.whl", hash = "sha256:b9c456fb2fc8e1282affa932c9e40f5ec31ec9cbb66751a316bd131273b57c23" },
    { url = "https://mirrors.aliyun.com/pypi/packages/df/58/30185fcb0e89f05e7ea82e5817b47798f7fa7179863f9d9ba6fd4fe1b098/ruff-0.12.12-py3-none-musllinux_1_2_i686.whl", hash = "sha256:5f12856123b0ad0147d90b3961f5c90e7427f9acd4b40050705499c98983f489" },
    { url = "https://mirrors.aliyun.com/pypi/packages/21/9c/28a8dacce4855e6703dcb8cdf6c1705d0b23dd01d60150786cd55aa93b16/ruff-0.12.12-py3-none-musllinux_1_2_x86_64.whl", hash = "sha256:26a1b5a2bf7dd2c47e3b46d077cd9c0fc3b93e6c6cc9ed750bd312ae9dc302ee" },
    { url = "https://mirrors.aliyun.com/pypi/packages/c8/fa/05b6428a008e60f79546c943e54068316f32ec8ab5c4f73e4563934fbdc7/ruff-0.12.12-py3-none-win32.whl", hash = "sha256:173be2bfc142af07a01e3a759aba6f7791aa47acf3604f610b1c36db888df7b1" },
    { url = "https://mirrors.aliyun.com/pypi/packages/85/60/d1e335417804df452589271818749d061b22772b87efda88354cf35cdb7a/ruff-0.12.12-py3-none-win_amd64.whl", hash = "sha256:e99620bf01884e5f38611934c09dd194eb665b0109104acae3ba6102b600fd0d" },
    { url = "https://mirrors.aliyun.com/pypi/packages/28/7e/61c42657f6e4614a4258f1c3b0c5b93adc4d1f8575f5229d1906b483099b/ruff-0.12.12-py3-none-win_arm64.whl", hash = "sha256:2a8199cab4ce4d72d158319b63370abf60991495fb733db96cd923a34c52d093" },
]

[[package]]
name = "six"
version = "1.17.0"
source = { registry = "https://mirrors.aliyun.com/pypi/simple/" }
sdist = { url = "https://mirrors.aliyun.com/pypi/packages/94/e7/b2c673351809dca68a0e064b6af791aa332cf192da575fd474ed7d6f16a2/six-1.17.0.tar.gz", hash = "sha256:ff70335d468e7eb6ec65b95b99d3a2836546063f63acc5171de367e834932a81" }
wheels = [
    { url = "https://mirrors.aliyun.com/pypi/packages/b7/ce/149a00dd41f10bc29e5921b496af8b574d8413afcd5e30dfa0ed46c2cc5e/six-1.17.0-py2.py3-none-any.whl", hash = "sha256:4721f391ed90541fddacab5acf947aa0d3dc7d27b2e1e8eda2be8970586c3274" },
]

[[package]]
name = "template"
version = "0.1.0"
source = { virtual = "." }
dependencies = [
    { name = "attrs" },
    { name = "loguru" },
    { name = "pendulum" },
    { name = "pydantic" },
    { name = "tenacity" },
]

[package.dev-dependencies]
dev = [
    { name = "pyrefly" },
    { name = "pytest" },
    { name = "pytest-asyncio" },
    { name = "ruff" },
    { name = "ty" },
]

[package.metadata]
requires-dist = [
    { name = "attrs", specifier = ">=25.3.0" },
    { name = "loguru", specifier = ">=0.7.3" },
    { name = "pendulum", specifier = ">=3.1.0" },
    { name = "pydantic", specifier = ">=2.12.0a1" },
    { name = "tenacity", specifier = ">=9.1.2" },
]

[package.metadata.requires-dev]
dev = [
    { name = "pyrefly", specifier = ">=0.31.1" },
    { name = "pytest", specifier = ">=8.4.2" },
    { name = "pytest-asyncio", specifier = ">=0.26.0" },
    { name = "ruff", specifier = ">=0.12.12" },
    { name = "ty", specifier = ">=0.0.1a20" },
]

[[package]]
name = "tenacity"
version = "9.1.2"
source = { registry = "https://mirrors.aliyun.com/pypi/simple/" }
sdist = { url = "https://mirrors.aliyun.com/pypi/packages/0a/d4/2b0cd0fe285e14b36db076e78c93766ff1d529d70408bd1d2a5a84f1d929/tenacity-9.1.2.tar.gz", hash = "sha256:1169d376c297e7de388d18b4481760d478b0e99a777cad3a9c86e556f4b697cb" }
wheels = [
    { url = "https://mirrors.aliyun.com/pypi/packages/e5/30/643397144bfbfec6f6ef821f36f33e57d35946c44a2352d3c9f0ae847619/tenacity-9.1.2-py3-none-any.whl", hash = "sha256:f77bf36710d8b73a50b2dd155c97b870017ad21afe6ab300326b0371b3b05138" },
]

[[package]]
name = "ty"
version = "0.0.1a20"
source = { registry = "https://mirrors.aliyun.com/pypi/simple/" }
sdist = { url = "https://mirrors.aliyun.com/pypi/packages/7a/82/a5e3b4bc5280ec49c4b0b43d0ff727d58c7df128752c9c6f97ad0b5f575f/ty-0.0.1a20.tar.gz", hash = "sha256:933b65a152f277aa0e23ba9027e5df2c2cc09e18293e87f2a918658634db5f15" }
wheels = [
    { url = "https://mirrors.aliyun.com/pypi/packages/45/c8/f7d39392043d5c04936f6cad90e50eb661965ed092ca4bfc01db917d7b8a/ty-0.0.1a20-py3-none-linux_armv6l.whl", hash = "sha256:f73a7aca1f0d38af4d6999b375eb00553f3bfcba102ae976756cc142e14f3450" },
    { url = "https://mirrors.aliyun.com/pypi/packages/1e/57/5aec78f9b8a677b7439ccded7d66c3361e61247e0f6b14e659b00dd01008/ty-0.0.1a20-py3-none-macosx_10_12_x86_64.whl", hash = "sha256:cad12c857ea4b97bf61e02f6796e13061ccca5e41f054cbd657862d80aa43bae" },
    { url = "https://mirrors.aliyun.com/pypi/packages/15/20/50c9107d93cdb55676473d9dc4e2339af6af606660c9428d3b86a1b2a476/ty-0.0.1a20-py3-none-macosx_11_0_arm64.whl", hash = "sha256:f153b65c7fcb6b8b59547ddb6353761b3e8d8bb6f0edd15e3e3ac14405949f7a" },
    { url = "https://mirrors.aliyun.com/pypi/packages/85/28/018b2f330109cee19e81c5ca9df3dc29f06c5778440eb9af05d4550c4302/ty-0.0.1a20-py3-none-manylinux_2_17_aarch64.manylinux2014_aarch64.whl", hash = "sha256:b8c4336987a6a781d4392a9fd7b3a39edb7e4f3dd4f860e03f46c932b52aefa2" },
    { url = "https://mirrors.aliyun.com/pypi/packages/cd/c9/2f8797a05587158f52b142278796ffd72c893bc5ad41840fce5aeb65c6f2/ty-0.0.1a20-py3-none-manylinux_2_17_armv7l.manylinux2014_armv7l.whl", hash = "sha256:3ff75cd4c744d09914e8c9db8d99e02f82c9379ad56b0a3fc4c5c9c923cfa84e" },
    { url = "https://mirrors.aliyun.com/pypi/packages/30/d4/2cac5e5eb9ee51941358cb3139aadadb59520cfaec94e4fcd2b166969748/ty-0.0.1a20-py3-none-manylinux_2_17_i686.manylinux2014_i686.whl", hash = "sha256:e26437772be7f7808868701f2bf9e14e706a6ec4c7d02dbd377ff94d7ba60c11" },
    { url = "https://mirrors.aliyun.com/pypi/packages/93/96/a6f2b54e484b2c6a5488f217882237dbdf10f0fdbdb6cd31333d57afe494/ty-0.0.1a20-py3-none-manylinux_2_17_ppc64.manylinux2014_ppc64.whl", hash = "sha256:83a7ee12465841619b5eb3ca962ffc7d576bb1c1ac812638681aee241acbfbbe" },
    { url = "https://mirrors.aliyun.com/pypi/packages/6e/67/95b40dcbec3d222f3af5fe5dd1ce066d42f8a25a2f70d5724490457048e7/ty-0.0.1a20-py3-none-manylinux_2_17_ppc64le.manylinux2014_ppc64le.whl", hash = "sha256:726d0738be4459ac7ffae312ba96c5f486d6cbc082723f322555d7cba9397871" },
    { url = "https://mirrors.aliyun.com/pypi/packages/2c/24/689fa4c4270b9ef9a53dc2b1d6ffade259ba2c4127e451f0629e130ea46a/ty-0.0.1a20-py3-none-manylinux_2_17_s390x.manylinux2014_s390x.whl", hash = "sha256:0b481f26513f38543df514189fb16744690bcba8d23afee95a01927d93b46e36" },
    { url = "https://mirrors.aliyun.com/pypi/packages/a1/5b/913011cbf3ea4030097fb3c4ce751856114c9e1a5e1075561a4c5242af9b/ty-0.0.1a20-py3-none-manylinux_2_17_x86_64.manylinux2014_x86_64.whl", hash = "sha256:7abbe3c02218c12228b1d7c5f98c57240029cc3bcb15b6997b707c19be3908c1" },
    { url = "https://mirrors.aliyun.com/pypi/packages/df/f9/f5ba2ae455b20c5bb003f9940ef8142a8c4ed9e27de16e8f7472013609db/ty-0.0.1a20-py3-none-musllinux_1_2_aarch64.whl", hash = "sha256:fff51c75ee3f7cc6d7722f2f15789ef8ffe6fd2af70e7269ac785763c906688e" },
    { url = "https://mirrors.aliyun.com/pypi/packages/eb/62/17002cf9032f0981cdb8c898d02422c095c30eefd69ca62a8b705d15bd0f/ty-0.0.1a20-py3-none-musllinux_1_2_armv7l.whl", hash = "sha256:b4124ab75e0e6f09fe7bc9df4a77ee43c5e0ef7e61b0c149d7c089d971437cbd" },
    { url = "https://mirrors.aliyun.com/pypi/packages/28/d6/0879b1fb66afe1d01d45c7658f3849aa641ac4ea10679404094f3b40053e/ty-0.0.1a20-py3-none-musllinux_1_2_i686.whl", hash = "sha256:8a138fa4f74e6ed34e9fd14652d132409700c7ff57682c2fed656109ebfba42f" },
    { url = "https://mirrors.aliyun.com/pypi/packages/60/1e/70bf0348cfe8ba5f7532983f53c508c293ddf5fa9f942ed79a3c4d576df3/ty-0.0.1a20-py3-none-musllinux_1_2_x86_64.whl", hash = "sha256:8eff8871d6b88d150e2a67beba2c57048f20c090c219f38ed02eebaada04c124" },
    { url = "https://mirrors.aliyun.com/pypi/packages/b7/ca/03d85c7650359247b1ca3f38a0d869a608ef540450151920e7014ed58292/ty-0.0.1a20-py3-none-win32.whl", hash = "sha256:3c2ace3a22fab4bd79f84c74e3dab26e798bfba7006bea4008d6321c1bd6efc6" },
    { url = "https://mirrors.aliyun.com/pypi/packages/94/53/7a1937b8c7a66d0c8ed7493de49ed454a850396fe137d2ae12ed247e0b2f/ty-0.0.1a20-py3-none-win_amd64.whl", hash = "sha256:f41e77ff118da3385915e13c3f366b3a2f823461de54abd2e0ca72b170ba0f19" },
    { url = "https://mirrors.aliyun.com/pypi/packages/27/36/5a3a70c5d497d3332f9e63cabc9c6f13484783b832fecc393f4f1c0c4aa8/ty-0.0.1a20-py3-none-win_arm64.whl", hash = "sha256:d8ac1c5a14cda5fad1a8b53959d9a5d979fe16ce1cc2785ea8676fed143ac85f" },
]

[[package]]
name = "typing-extensions"
version = "4.15.0"
source = { registry = "https://mirrors.aliyun.com/pypi/simple/" }
sdist = { url = "https://mirrors.aliyun.com/pypi/packages/72/94/1a15dd82efb362ac84269196e94cf00f187f7ed21c242792a923cdb1c61f/typing_extensions-4.15.0.tar.gz", hash = "sha256:0cea48d173cc12fa28ecabc3b837ea3cf6f38c6d1136f85cbaaf598984861466" }
wheels = [
    { url = "https://mirrors.aliyun.com/pypi/packages/18/67/36e9267722cc04a6b9f15c7f3441c2363321a3ea07da7ae0c0707beb2a9c/typing_extensions-4.15.0-py3-none-any.whl", hash = "sha256:f0fa19c6845758ab08074a0cfa8b7aecb71c999ca73d62883bc25cc018c4e548" },
]

[[package]]
name = "typing-inspection"
version = "0.4.0"
source = { registry = "https://mirrors.aliyun.com/pypi/simple/" }
dependencies = [
    { name = "typing-extensions" },
]
sdist = { url = "https://mirrors.aliyun.com/pypi/packages/82/5c/e6082df02e215b846b4b8c0b887a64d7d08ffaba30605502639d44c06b82/typing_inspection-0.4.0.tar.gz", hash = "sha256:9765c87de36671694a67904bf2c96e395be9c6439bb6c87b5142569dcdd65122" }
wheels = [
    { url = "https://mirrors.aliyun.com/pypi/packages/31/08/aa4fdfb71f7de5176385bd9e90852eaf6b5d622735020ad600f2bab54385/typing_inspection-0.4.0-py3-none-any.whl", hash = "sha256:50e72559fcd2a6367a19f7a7e610e6afcb9fac940c650290eed893d61386832f" },
]

[[package]]
name = "tzdata"
version = "2025.2"
source = { registry = "https://mirrors.aliyun.com/pypi/simple/" }
sdist = { url = "https://mirrors.aliyun.com/pypi/packages/95/32/1a225d6164441be760d75c2c42e2780dc0873fe382da3e98a2e1e48361e5/tzdata-2025.2.tar.gz", hash = "sha256:b60a638fcc0daffadf82fe0f57e53d06bdec2f36c4df66280ae79bce6bd6f2b9" }
wheels = [
    { url = "https://mirrors.aliyun.com/pypi/packages/5c/23/c7abc0ca0a1526a0774eca151daeb8de62ec457e77262b66b359c3c7679e/tzdata-2025.2-py2.py3-none-any.whl", hash = "sha256:1a403fada01ff9221ca8044d701868fa132215d84beb92242d9acd2147f667a8" },
]

[[package]]
name = "win32-setctime"
version = "1.2.0"
source = { registry = "https://mirrors.aliyun.com/pypi/simple/" }
sdist = { url = "https://mirrors.aliyun.com/pypi/packages/b3/8f/705086c9d734d3b663af0e9bb3d4de6578d08f46b1b101c2442fd9aecaa2/win32_setctime-1.2.0.tar.gz", hash = "sha256:ae1fdf948f5640aae05c511ade119313fb6a30d7eabe25fef9764dca5873c4c0" }
wheels = [
    { url = "https://mirrors.aliyun.com/pypi/packages/e1/07/c6fe3ad3e685340704d314d765b7912993bcb8dc198f0e7a89382d37974b/win32_setctime-1.2.0-py3-none-any.whl", hash = "sha256:95d644c4e708aba81dc3704a116d8cbc974d70b3bdb8be1d150e36be6e9d1390" },
]
